
Microsoft Visual Studio Solution File, Format Version 12.00
# Visual Studio 2013
VisualStudioVersion = 12.0.31101.0
MinimumVisualStudioVersion = 10.0.40219.1
Project("{E24C65DC-7377-472B-9ABA-BC803B73C61A}") = "LilyPadSiteBuild02", "http://localhost:53671", "{02010968-E818-4CB2-9C81-FC8A908EE0F4}"
	ProjectSection(WebsiteProperties) = preProject
		UseIISExpress = "true"
		TargetFrameworkMoniker = ".NETFramework,Version%3Dv4.5.1"
		Debug.AspNetCompiler.VirtualPath = "/localhost_53671"
		Debug.AspNetCompiler.PhysicalPath = "..\LilyPadSiteBuild02\"
		Debug.AspNetCompiler.TargetPath = "PrecompiledWeb\localhost_53671\"
		Debug.AspNetCompiler.Updateable = "true"
		Debug.AspNetCompiler.ForceOverwrite = "true"
		Debug.AspNetCompiler.FixedNames = "false"
		Debug.AspNetCompiler.Debug = "True"
		Release.AspNetCompiler.VirtualPath = "/localhost_53671"
		Release.AspNetCompiler.PhysicalPath = "..\LilyPadSiteBuild02\"
		Release.AspNetCompiler.TargetPath = "PrecompiledWeb\localhost_53671\"
		Release.AspNetCompiler.Updateable = "true"
		Release.AspNetCompiler.ForceOverwrite = "true"
		Release.AspNetCompiler.FixedNames = "false"
		Release.AspNetCompiler.Debug = "False"
		SlnRelativePath = "..\LilyPadSiteBuild02\"
	EndProjectSection
EndProject
Global
	GlobalSection(SolutionConfigurationPlatforms) = preSolution
		Debug|Any CPU = Debug|Any CPU
	EndGlobalSection
	GlobalSection(ProjectConfigurationPlatforms) = postSolution
		{02010968-E818-4CB2-9C81-FC8A908EE0F4}.Debug|Any CPU.ActiveCfg = Debug|Any CPU
		{02010968-E818-4CB2-9C81-FC8A908EE0F4}.Debug|Any CPU.Build.0 = Debug|Any CPU
	EndGlobalSection
	GlobalSection(SolutionProperties) = preSolution
		HideSolutionNode = FALSE
	EndGlobalSection
EndGlobal
